
Microsoft Visual Studio Solution File, Format Version 12.00
# Visual Studio Version 17
VisualStudioVersion = 17.13.35825.156 d17.13
MinimumVisualStudioVersion = 10.0.40219.1
Project("{FAE04EC0-301F-11D3-BF4B-00C04F79EFBC}") = "SupermarketWEB", "SupermarketWEB.csproj", "{A5E7DF7B-4288-4C59-B3C1-EAEA2973B4AA}"
EndProject
Global
	GlobalSection(SolutionConfigurationPlatforms) = preSolution
		Debug|Any CPU = Debug|Any CPU
		Release|Any CPU = Release|Any CPU
	EndGlobalSection
	GlobalSection(ProjectConfigurationPlatforms) = postSolution
		{A5E7DF7B-4288-4C59-B3C1-EAEA2973B4AA}.Debug|Any CPU.ActiveCfg = Debug|Any CPU
		{A5E7DF7B-4288-4C59-B3C1-EAEA2973B4AA}.Debug|Any CPU.Build.0 = Debug|Any CPU
		{A5E7DF7B-4288-4C59-B3C1-EAEA2973B4AA}.Release|Any CPU.ActiveCfg = Release|Any CPU
		{A5E7DF7B-4288-4C59-B3C1-EAEA2973B4AA}.Release|Any CPU.Build.0 = Release|Any CPU
	EndGlobalSection
	GlobalSection(SolutionProperties) = preSolution
		HideSolutionNode = FALSE
	EndGlobalSection
	GlobalSection(ExtensibilityGlobals) = postSolution
		SolutionGuid = {0598EE1C-67E5-4D6E-B5A4-B3D8C5AB6448}
	EndGlobalSection
EndGlobal
